
Microsoft Visual Studio Solution File, Format Version 12.00
# Visual Studio Version 16
VisualStudioVersion = 16.0.30413.136
MinimumVisualStudioVersion = 10.0.40219.1
Project("{2150E333-8FDC-42A3-9474-1A3956D46DE8}") = "Extension Installers", "Extension Installers", "{5275D0B5-6527-43F0-91F2-93857CFE3E86}"
EndProject
Project("{2150E333-8FDC-42A3-9474-1A3956D46DE8}") = "Item Templates", "Item Templates", "{2B786E06-36D6-441A-B8F6-6167625DD147}"
EndProject
Project("{2150E333-8FDC-42A3-9474-1A3956D46DE8}") = "Commands", "Commands", "{7F056951-0387-421D-BCFA-5E0151C2F72C}"
EndProject
Project("{2150E333-8FDC-42A3-9474-1A3956D46DE8}") = "Pipelines", "Pipelines", "{5FC6061A-73A8-422F-82F1-31633D4AE660}"
EndProject
Project("{2150E333-8FDC-42A3-9474-1A3956D46DE8}") = "Components", "Components", "{27EC5391-4231-4768-90BD-508F97397428}"
EndProject
Project("{2150E333-8FDC-42A3-9474-1A3956D46DE8}") = "Rules", "Rules", "{EB4DE66B-E09E-47CE-A683-85577C46FE78}"
EndProject
Project("{2150E333-8FDC-42A3-9474-1A3956D46DE8}") = "Actions", "Actions", "{DD22A77D-4FAC-4482-BE9B-8D2B1D8E6FA2}"
EndProject
Project("{2150E333-8FDC-42A3-9474-1A3956D46DE8}") = "Conditions", "Conditions", "{ACD44152-84C4-461A-B46E-1FD9EC6F0ED0}"
EndProject
Project("{2150E333-8FDC-42A3-9474-1A3956D46DE8}") = "Policies", "Policies", "{3FEFF826-5F50-448A-9E65-E42AA8653E86}"
EndProject
Project("{2150E333-8FDC-42A3-9474-1A3956D46DE8}") = "Blocks", "Blocks", "{53CBA891-E3AA-42E1-ADE2-4D080CD0D37B}"
EndProject
Project("{2150E333-8FDC-42A3-9474-1A3956D46DE8}") = "Arguments", "Arguments", "{A8D35BD9-565A-44D8-B64B-0F50B8C329D7}"
EndProject
Project("{2150E333-8FDC-42A3-9474-1A3956D46DE8}") = "Controllers", "Controllers", "{DF624746-A25D-4D15-B3EC-664DF46AB4CF}"
EndProject
Project("{2150E333-8FDC-42A3-9474-1A3956D46DE8}") = "Entities", "Entities", "{5F345933-BAAC-4EF2-8622-A548E245320E}"
EndProject
Project("{2150E333-8FDC-42A3-9474-1A3956D46DE8}") = "Minions", "Minions", "{C9BC3EA6-9CE1-411E-B5D4-6E4E33F2D549}"
EndProject
Project("{2150E333-8FDC-42A3-9474-1A3956D46DE8}") = "Models", "Models", "{B9662E11-EF24-4E61-B740-522BFCD95C8D}"
EndProject
Project("{2150E333-8FDC-42A3-9474-1A3956D46DE8}") = "Root", "Root", "{AF8A3689-9F59-4585-9929-C6281A8DA1FC}"
EndProject
Project("{2150E333-8FDC-42A3-9474-1A3956D46DE8}") = "Environment", "Environment", "{1F4CDAAD-C92A-45EF-87D8-BD470F67B0CC}"
EndProject
Project("{FAE04EC0-301F-11D3-BF4B-00C04F79EFBC}") = "Ajsuth.Commerce.Engine.CommerceCommand", "src\Item Templates\Commands\Ajsuth.Commerce.Engine.CommerceCommand\Ajsuth.Commerce.Engine.CommerceCommand.csproj", "{DFE6C5BB-A3D9-45C3-B2AF-E1F0E06ACF1D}"
EndProject
Project("{FAE04EC0-301F-11D3-BF4B-00C04F79EFBC}") = "Ajsuth.Commerce.Engine.Component", "src\Item Templates\Components\Ajsuth.Commerce.Engine.Component\Ajsuth.Commerce.Engine.Component.csproj", "{6F07E11F-3B57-4CB7-ACD7-F7384B84FB98}"
EndProject
Project("{FAE04EC0-301F-11D3-BF4B-00C04F79EFBC}") = "Ajsuth.Commerce.Engine.ApiController", "src\Item Templates\Controllers\Ajsuth.Commerce.Engine.ApiController\Ajsuth.Commerce.Engine.ApiController.csproj", "{F49FFC94-04E1-4E6C-9156-3AADE96410AB}"
EndProject
Project("{FAE04EC0-301F-11D3-BF4B-00C04F79EFBC}") = "Ajsuth.Commerce.Engine.CommandsController", "src\Item Templates\Controllers\Ajsuth.Commerce.Engine.CommandsController\Ajsuth.Commerce.Engine.CommandsController.csproj", "{CFF9138A-6CC2-458A-AA74-A72C42B2A5D5}"
EndProject
Project("{FAE04EC0-301F-11D3-BF4B-00C04F79EFBC}") = "Ajsuth.Commerce.Engine.EntityController", "src\Item Templates\Controllers\Ajsuth.Commerce.Engine.EntityController\Ajsuth.Commerce.Engine.EntityController.csproj", "{10073272-16F8-49E9-9E49-7542C767DE41}"
EndProject
Project("{FAE04EC0-301F-11D3-BF4B-00C04F79EFBC}") = "Ajsuth.Commerce.Engine.PolicySet", "src\Item Templates\Environments\Ajsuth.Commerce.Engine.PolicySet\Ajsuth.Commerce.Engine.PolicySet.csproj", "{2E1E8603-A065-403A-8710-5268218E6F0A}"
EndProject
Project("{FAE04EC0-301F-11D3-BF4B-00C04F79EFBC}") = "Ajsuth.Commerce.Engine.Minion", "src\Item Templates\Minions\Ajsuth.Commerce.Engine.Minion\Ajsuth.Commerce.Engine.Minion.csproj", "{81519A83-E951-45DF-9E26-EE3648BCFBE1}"
EndProject
Project("{FAE04EC0-301F-11D3-BF4B-00C04F79EFBC}") = "Ajsuth.Commerce.Engine.MinionBoss", "src\Item Templates\Minions\Ajsuth.Commerce.Engine.MinionBoss\Ajsuth.Commerce.Engine.MinionBoss.csproj", "{17FDEA8D-8757-4FCB-B6CD-754EA4E94C4C}"
EndProject
Project("{FAE04EC0-301F-11D3-BF4B-00C04F79EFBC}") = "Ajsuth.Commerce.Engine.Pipeline", "src\Item Templates\Pipelines\Ajsuth.Commerce.Engine.Pipeline\Ajsuth.Commerce.Engine.Pipeline.csproj", "{2BF40A21-21BB-44AB-ABAA-858571A9E0B3}"
EndProject
Project("{FAE04EC0-301F-11D3-BF4B-00C04F79EFBC}") = "Ajsuth.Commerce.Engine.PipelineArgument", "src\Item Templates\Pipelines\Pipeline Arguments\Ajsuth.Commerce.Engine.PipelineArgument\Ajsuth.Commerce.Engine.PipelineArgument.csproj", "{6B0AA620-939C-4A68-8426-9A117A456F4C}"
EndProject
Project("{FAE04EC0-301F-11D3-BF4B-00C04F79EFBC}") = "Ajsuth.Commerce.Engine.Policy", "src\Item Templates\Policies\Ajsuth.Commerce.Engine.Policy\Ajsuth.Commerce.Engine.Policy.csproj", "{5B21A132-7A3B-4B6C-AF17-991E77936728}"
EndProject
Project("{FAE04EC0-301F-11D3-BF4B-00C04F79EFBC}") = "Ajsuth.Commerce.Engine.ConfigureSitecore", "src\Item Templates\Root\Ajsuth.Commerce.Engine.ConfigureSitecore\Ajsuth.Commerce.Engine.ConfigureSitecore.csproj", "{1A5238A5-D1D0-4910-8BB8-67C7C8B7320E}"
EndProject
Project("{FAE04EC0-301F-11D3-BF4B-00C04F79EFBC}") = "Ajsuth.Commerce.Engine.Constants", "src\Item Templates\Root\Ajsuth.Commerce.Engine.Constants\Ajsuth.Commerce.Engine.Constants.csproj", "{8956A415-5228-4EDD-AB10-482E134DCE4F}"
EndProject
Project("{FAE04EC0-301F-11D3-BF4B-00C04F79EFBC}") = "Ajsuth.Commerce.Engine.CartAction", "src\Item Templates\Rules\Actions\Ajsuth.Commerce.Engine.CartAction\Ajsuth.Commerce.Engine.CartAction.csproj", "{BE8C1943-ACF3-402A-9AC5-24F1A6EC95DC}"
EndProject
Project("{FAE04EC0-301F-11D3-BF4B-00C04F79EFBC}") = "Ajsuth.Commerce.Engine.InventoryItemCondition", "src\Item Templates\Rules\Conditions\Ajsuth.Commerce.Engine.InventoryItemCondition\Ajsuth.Commerce.Engine.InventoryItemCondition.csproj", "{A137CF02-B9EA-4819-8DB5-EE24E98DB135}"
EndProject
Project("{FAE04EC0-301F-11D3-BF4B-00C04F79EFBC}") = "Ajsuth.Commerce.Engine.CartLineAction", "src\Item Templates\Rules\Actions\Ajsuth.Commerce.Engine.CartLineAction\Ajsuth.Commerce.Engine.CartLineAction.csproj", "{5C0EB238-16ED-4877-B49A-C4C19D1DF399}"
EndProject
Project("{FAE04EC0-301F-11D3-BF4B-00C04F79EFBC}") = "Ajsuth.Commerce.Engine.GetEntityNavigationBlock", "src\Item Templates\Pipelines\Blocks\Ajsuth.Commerce.Engine.GetEntityNavigationBlock\Ajsuth.Commerce.Engine.GetEntityNavigationBlock.csproj", "{1BB939CC-A8EF-4E0E-A978-34163BA3A144}"
EndProject
Project("{FAE04EC0-301F-11D3-BF4B-00C04F79EFBC}") = "Ajsuth.Commerce.Engine.TargetItemCondition", "src\Item Templates\Rules\Conditions\Ajsuth.Commerce.Engine.TargetItemCondition\Ajsuth.Commerce.Engine.TargetItemCondition.csproj", "{D4D4C889-A956-4C46-B781-30DEA3B56307}"
EndProject
Project("{FAE04EC0-301F-11D3-BF4B-00C04F79EFBC}") = "Ajsuth.Commerce.Engine.CartsCondition", "src\Item Templates\Rules\Conditions\Ajsuth.Commerce.Engine.CartsCondition\Ajsuth.Commerce.Engine.CartsCondition.csproj", "{A1EC8FC6-09F5-4A53-B2CF-728828BA68B3}"
EndProject
Project("{FAE04EC0-301F-11D3-BF4B-00C04F79EFBC}") = "Ajsuth.Commerce.Engine.CustomerOrderCondition", "src\Item Templates\Rules\Conditions\Ajsuth.Commerce.Engine.CustomerOrderCondition\Ajsuth.Commerce.Engine.CustomerOrderCondition.csproj", "{D7B73BC0-3512-4299-B893-05A179DFE41F}"
EndProject
Project("{FAE04EC0-301F-11D3-BF4B-00C04F79EFBC}") = "Ajsuth.Commerce.Engine.FulfillmentCondition", "src\Item Templates\Ajsuth.Commerce.Engine.FulfillmentCondition\Ajsuth.Commerce.Engine.FulfillmentCondition.csproj", "{56CA74DB-77EE-43B6-A9E2-1A598C4EF1A4}"
EndProject
Project("{FAE04EC0-301F-11D3-BF4B-00C04F79EFBC}") = "Ajsuth.Commerce.Engine.InventoryItemCondition2", "src\Item Templates\Rules\Conditions\Ajsuth.Commerce.Engine.InventoryItemCondition2\Ajsuth.Commerce.Engine.InventoryItemCondition2.csproj", "{D8A4B511-247C-4C23-B11E-4477D23724DE}"
EndProject
Project("{FAE04EC0-301F-11D3-BF4B-00C04F79EFBC}") = "Ajsuth.Commerce.Engine.ShopsCondition", "src\Item Templates\Rules\Conditions\Ajsuth.Commerce.Engine.ShopsCondition\Ajsuth.Commerce.Engine.ShopsCondition.csproj", "{90EF0235-3299-4082-904E-4DB49DD2E7BA}"
EndProject
Project("{FAE04EC0-301F-11D3-BF4B-00C04F79EFBC}") = "Ajsuth.Commerce.Engine.CartLineAction2", "src\Item Templates\Rules\Actions\Ajsuth.Commerce.Engine.CartLineAction2\Ajsuth.Commerce.Engine.CartLineAction2.csproj", "{A3875851-7DEF-4914-AC8C-C21FC1962605}"
EndProject
Project("{FAE04EC0-301F-11D3-BF4B-00C04F79EFBC}") = "Ajsuth.Commerce.Engine.CartLineSellPriceAction", "src\Item Templates\Rules\Actions\Ajsuth.Commerce.Engine.CartLineSellPriceAction\Ajsuth.Commerce.Engine.CartLineSellPriceAction.csproj", "{5023B11E-821E-4485-B8DD-24BBA03C78D8}"
EndProject
Project("{FAE04EC0-301F-11D3-BF4B-00C04F79EFBC}") = "Ajsuth.Commerce.Engine.GetDashboardBlock", "src\Item Templates\Pipelines\Blocks\Ajsuth.Commerce.Engine.GetDashboardBlock\Ajsuth.Commerce.Engine.GetDashboardBlock.csproj", "{35488142-610D-44FA-80FA-6780F83DFB37}"
EndProject
Project("{FAE04EC0-301F-11D3-BF4B-00C04F79EFBC}") = "Ajsuth.Commerce.Engine.Templates", "src\Extensions\Ajsuth.Commerce.Engine.Templates\Ajsuth.Commerce.Engine.Templates.csproj", "{3D71C565-1008-498F-8B57-BD8964B5CBBA}"
EndProject
Project("{FAE04EC0-301F-11D3-BF4B-00C04F79EFBC}") = "Ajsuth.Commerce.Engine.CommerceCommand2", "src\Item Templates\Commands\Ajsuth.Commerce.Engine.CommerceCommand2\Ajsuth.Commerce.Engine.CommerceCommand2.csproj", "{0E62C463-1C78-43B8-BD8F-A1E25F2843F4}"
EndProject
Project("{FAE04EC0-301F-11D3-BF4B-00C04F79EFBC}") = "Ajsuth.Commerce.Engine.CommerceEntity", "src\Item Templates\Entities\Ajsuth.Commerce.Engine.CommerceEntity\Ajsuth.Commerce.Engine.CommerceEntity.csproj", "{6F938A53-4E2B-4DCD-B08B-9DD99F15C9C0}"
EndProject
Project("{FAE04EC0-301F-11D3-BF4B-00C04F79EFBC}") = "Ajsuth.Commerce.Engine.ConfigureOpsServiceApiBlock", "src\Item Templates\Pipelines\Blocks\Ajsuth.Commerce.Engine.ConfigureOpsServiceApiBlock\Ajsuth.Commerce.Engine.ConfigureOpsServiceApiBlock.csproj", "{4E8D759F-FADC-4E78-B378-95312C71DDFA}"
EndProject
Project("{FAE04EC0-301F-11D3-BF4B-00C04F79EFBC}") = "Ajsuth.Commerce.Engine.Model", "src\Item Templates\Models\Ajsuth.Commerce.Engine.Model\Ajsuth.Commerce.Engine.Model.csproj", "{44DB67C2-86A1-415E-B941-C022A8A7AE49}"
EndProject
Project("{FAE04EC0-301F-11D3-BF4B-00C04F79EFBC}") = "Ajsuth.Commerce.Engine.AsyncPipelineBlock", "src\Item Templates\Pipelines\Blocks\Ajsuth.Commerce.Engine.AsyncPipelineBlock\Ajsuth.Commerce.Engine.AsyncPipelineBlock.csproj", "{987812DD-5F8D-4EE2-8644-23D5F7A95812}"
EndProject
Project("{FAE04EC0-301F-11D3-BF4B-00C04F79EFBC}") = "Ajsuth.Commerce.Engine.ConfigureServiceApiBlock", "src\Item Templates\Pipelines\Blocks\Ajsuth.Commerce.Engine.ConfigureServiceApiBlock\Ajsuth.Commerce.Engine.ConfigureServiceApiBlock.csproj", "{671780F1-5797-4DCB-A23F-B5585BF816B5}"
EndProject
Project("{FAE04EC0-301F-11D3-BF4B-00C04F79EFBC}") = "Ajsuth.Commerce.Engine.SyncPipelineBlock", "src\Item Templates\Pipelines\Blocks\Ajsuth.Commerce.Engine.SyncPipelineBlock\Ajsuth.Commerce.Engine.SyncPipelineBlock.csproj", "{9B150206-EC53-4BC1-B456-57FFF97F2F9C}"
EndProject
Project("{FAE04EC0-301F-11D3-BF4B-00C04F79EFBC}") = "Ajsuth.Commerce.Engine.EnvironmentConfiguration", "src\Item Templates\Environments\Ajsuth.Commerce.Engine.EnvironmentConfiguration\Ajsuth.Commerce.Engine.EnvironmentConfiguration.csproj", "{6414429E-6798-439D-AB9C-A0D4B2C99097}"
EndProject
Project("{FAE04EC0-301F-11D3-BF4B-00C04F79EFBC}") = "Ajsuth.Commerce.Engine.CommerceOpsController", "src\Item Templates\Controllers\Ajsuth.Commerce.Engine.CommerceOpsController\Ajsuth.Commerce.Engine.CommerceOpsController.csproj", "{2A47F493-55F8-442B-A30C-244FB56DFF4F}"
EndProject
Global
	GlobalSection(SolutionConfigurationPlatforms) = preSolution
		Debug|Any CPU = Debug|Any CPU
		Release|Any CPU = Release|Any CPU
	EndGlobalSection
	GlobalSection(ProjectConfigurationPlatforms) = postSolution
		{DFE6C5BB-A3D9-45C3-B2AF-E1F0E06ACF1D}.Debug|Any CPU.ActiveCfg = Debug|Any CPU
		{DFE6C5BB-A3D9-45C3-B2AF-E1F0E06ACF1D}.Debug|Any CPU.Build.0 = Debug|Any CPU
		{DFE6C5BB-A3D9-45C3-B2AF-E1F0E06ACF1D}.Release|Any CPU.ActiveCfg = Release|Any CPU
		{DFE6C5BB-A3D9-45C3-B2AF-E1F0E06ACF1D}.Release|Any CPU.Build.0 = Release|Any CPU
		{6F07E11F-3B57-4CB7-ACD7-F7384B84FB98}.Debug|Any CPU.ActiveCfg = Debug|Any CPU
		{6F07E11F-3B57-4CB7-ACD7-F7384B84FB98}.Debug|Any CPU.Build.0 = Debug|Any CPU
		{6F07E11F-3B57-4CB7-ACD7-F7384B84FB98}.Release|Any CPU.ActiveCfg = Release|Any CPU
		{6F07E11F-3B57-4CB7-ACD7-F7384B84FB98}.Release|Any CPU.Build.0 = Release|Any CPU
		{F49FFC94-04E1-4E6C-9156-3AADE96410AB}.Debug|Any CPU.ActiveCfg = Debug|Any CPU
		{F49FFC94-04E1-4E6C-9156-3AADE96410AB}.Debug|Any CPU.Build.0 = Debug|Any CPU
		{F49FFC94-04E1-4E6C-9156-3AADE96410AB}.Release|Any CPU.ActiveCfg = Release|Any CPU
		{F49FFC94-04E1-4E6C-9156-3AADE96410AB}.Release|Any CPU.Build.0 = Release|Any CPU
		{CFF9138A-6CC2-458A-AA74-A72C42B2A5D5}.Debug|Any CPU.ActiveCfg = Debug|Any CPU
		{CFF9138A-6CC2-458A-AA74-A72C42B2A5D5}.Debug|Any CPU.Build.0 = Debug|Any CPU
		{CFF9138A-6CC2-458A-AA74-A72C42B2A5D5}.Release|Any CPU.ActiveCfg = Release|Any CPU
		{CFF9138A-6CC2-458A-AA74-A72C42B2A5D5}.Release|Any CPU.Build.0 = Release|Any CPU
		{10073272-16F8-49E9-9E49-7542C767DE41}.Debug|Any CPU.ActiveCfg = Debug|Any CPU
		{10073272-16F8-49E9-9E49-7542C767DE41}.Debug|Any CPU.Build.0 = Debug|Any CPU
		{10073272-16F8-49E9-9E49-7542C767DE41}.Release|Any CPU.ActiveCfg = Release|Any CPU
		{10073272-16F8-49E9-9E49-7542C767DE41}.Release|Any CPU.Build.0 = Release|Any CPU
		{2E1E8603-A065-403A-8710-5268218E6F0A}.Debug|Any CPU.ActiveCfg = Debug|Any CPU
		{2E1E8603-A065-403A-8710-5268218E6F0A}.Debug|Any CPU.Build.0 = Debug|Any CPU
		{2E1E8603-A065-403A-8710-5268218E6F0A}.Release|Any CPU.ActiveCfg = Release|Any CPU
		{2E1E8603-A065-403A-8710-5268218E6F0A}.Release|Any CPU.Build.0 = Release|Any CPU
		{81519A83-E951-45DF-9E26-EE3648BCFBE1}.Debug|Any CPU.ActiveCfg = Debug|Any CPU
		{81519A83-E951-45DF-9E26-EE3648BCFBE1}.Debug|Any CPU.Build.0 = Debug|Any CPU
		{81519A83-E951-45DF-9E26-EE3648BCFBE1}.Release|Any CPU.ActiveCfg = Release|Any CPU
		{81519A83-E951-45DF-9E26-EE3648BCFBE1}.Release|Any CPU.Build.0 = Release|Any CPU
		{17FDEA8D-8757-4FCB-B6CD-754EA4E94C4C}.Debug|Any CPU.ActiveCfg = Debug|Any CPU
		{17FDEA8D-8757-4FCB-B6CD-754EA4E94C4C}.Debug|Any CPU.Build.0 = Debug|Any CPU
		{17FDEA8D-8757-4FCB-B6CD-754EA4E94C4C}.Release|Any CPU.ActiveCfg = Release|Any CPU
		{17FDEA8D-8757-4FCB-B6CD-754EA4E94C4C}.Release|Any CPU.Build.0 = Release|Any CPU
		{2BF40A21-21BB-44AB-ABAA-858571A9E0B3}.Debug|Any CPU.ActiveCfg = Debug|Any CPU
		{2BF40A21-21BB-44AB-ABAA-858571A9E0B3}.Debug|Any CPU.Build.0 = Debug|Any CPU
		{2BF40A21-21BB-44AB-ABAA-858571A9E0B3}.Release|Any CPU.ActiveCfg = Release|Any CPU
		{2BF40A21-21BB-44AB-ABAA-858571A9E0B3}.Release|Any CPU.Build.0 = Release|Any CPU
		{6B0AA620-939C-4A68-8426-9A117A456F4C}.Debug|Any CPU.ActiveCfg = Debug|Any CPU
		{6B0AA620-939C-4A68-8426-9A117A456F4C}.Debug|Any CPU.Build.0 = Debug|Any CPU
		{6B0AA620-939C-4A68-8426-9A117A456F4C}.Release|Any CPU.ActiveCfg = Release|Any CPU
		{6B0AA620-939C-4A68-8426-9A117A456F4C}.Release|Any CPU.Build.0 = Release|Any CPU
		{5B21A132-7A3B-4B6C-AF17-991E77936728}.Debug|Any CPU.ActiveCfg = Debug|Any CPU
		{5B21A132-7A3B-4B6C-AF17-991E77936728}.Debug|Any CPU.Build.0 = Debug|Any CPU
		{5B21A132-7A3B-4B6C-AF17-991E77936728}.Release|Any CPU.ActiveCfg = Release|Any CPU
		{5B21A132-7A3B-4B6C-AF17-991E77936728}.Release|Any CPU.Build.0 = Release|Any CPU
		{1A5238A5-D1D0-4910-8BB8-67C7C8B7320E}.Debug|Any CPU.ActiveCfg = Debug|Any CPU
		{1A5238A5-D1D0-4910-8BB8-67C7C8B7320E}.Debug|Any CPU.Build.0 = Debug|Any CPU
		{1A5238A5-D1D0-4910-8BB8-67C7C8B7320E}.Release|Any CPU.ActiveCfg = Release|Any CPU
		{1A5238A5-D1D0-4910-8BB8-67C7C8B7320E}.Release|Any CPU.Build.0 = Release|Any CPU
		{8956A415-5228-4EDD-AB10-482E134DCE4F}.Debug|Any CPU.ActiveCfg = Debug|Any CPU
		{8956A415-5228-4EDD-AB10-482E134DCE4F}.Debug|Any CPU.Build.0 = Debug|Any CPU
		{8956A415-5228-4EDD-AB10-482E134DCE4F}.Release|Any CPU.ActiveCfg = Release|Any CPU
		{8956A415-5228-4EDD-AB10-482E134DCE4F}.Release|Any CPU.Build.0 = Release|Any CPU
		{BE8C1943-ACF3-402A-9AC5-24F1A6EC95DC}.Debug|Any CPU.ActiveCfg = Debug|Any CPU
		{BE8C1943-ACF3-402A-9AC5-24F1A6EC95DC}.Debug|Any CPU.Build.0 = Debug|Any CPU
		{BE8C1943-ACF3-402A-9AC5-24F1A6EC95DC}.Release|Any CPU.ActiveCfg = Release|Any CPU
		{BE8C1943-ACF3-402A-9AC5-24F1A6EC95DC}.Release|Any CPU.Build.0 = Release|Any CPU
		{A137CF02-B9EA-4819-8DB5-EE24E98DB135}.Debug|Any CPU.ActiveCfg = Debug|Any CPU
		{A137CF02-B9EA-4819-8DB5-EE24E98DB135}.Debug|Any CPU.Build.0 = Debug|Any CPU
		{A137CF02-B9EA-4819-8DB5-EE24E98DB135}.Release|Any CPU.ActiveCfg = Release|Any CPU
		{A137CF02-B9EA-4819-8DB5-EE24E98DB135}.Release|Any CPU.Build.0 = Release|Any CPU
		{5C0EB238-16ED-4877-B49A-C4C19D1DF399}.Debug|Any CPU.ActiveCfg = Debug|Any CPU
		{5C0EB238-16ED-4877-B49A-C4C19D1DF399}.Debug|Any CPU.Build.0 = Debug|Any CPU
		{5C0EB238-16ED-4877-B49A-C4C19D1DF399}.Release|Any CPU.ActiveCfg = Release|Any CPU
		{5C0EB238-16ED-4877-B49A-C4C19D1DF399}.Release|Any CPU.Build.0 = Release|Any CPU
		{1BB939CC-A8EF-4E0E-A978-34163BA3A144}.Debug|Any CPU.ActiveCfg = Debug|Any CPU
		{1BB939CC-A8EF-4E0E-A978-34163BA3A144}.Debug|Any CPU.Build.0 = Debug|Any CPU
		{1BB939CC-A8EF-4E0E-A978-34163BA3A144}.Release|Any CPU.ActiveCfg = Release|Any CPU
		{1BB939CC-A8EF-4E0E-A978-34163BA3A144}.Release|Any CPU.Build.0 = Release|Any CPU
		{D4D4C889-A956-4C46-B781-30DEA3B56307}.Debug|Any CPU.ActiveCfg = Debug|Any CPU
		{D4D4C889-A956-4C46-B781-30DEA3B56307}.Debug|Any CPU.Build.0 = Debug|Any CPU
		{D4D4C889-A956-4C46-B781-30DEA3B56307}.Release|Any CPU.ActiveCfg = Release|Any CPU
		{D4D4C889-A956-4C46-B781-30DEA3B56307}.Release|Any CPU.Build.0 = Release|Any CPU
		{A1EC8FC6-09F5-4A53-B2CF-728828BA68B3}.Debug|Any CPU.ActiveCfg = Debug|Any CPU
		{A1EC8FC6-09F5-4A53-B2CF-728828BA68B3}.Debug|Any CPU.Build.0 = Debug|Any CPU
		{A1EC8FC6-09F5-4A53-B2CF-728828BA68B3}.Release|Any CPU.ActiveCfg = Release|Any CPU
		{A1EC8FC6-09F5-4A53-B2CF-728828BA68B3}.Release|Any CPU.Build.0 = Release|Any CPU
		{D7B73BC0-3512-4299-B893-05A179DFE41F}.Debug|Any CPU.ActiveCfg = Debug|Any CPU
		{D7B73BC0-3512-4299-B893-05A179DFE41F}.Debug|Any CPU.Build.0 = Debug|Any CPU
		{D7B73BC0-3512-4299-B893-05A179DFE41F}.Release|Any CPU.ActiveCfg = Release|Any CPU
		{D7B73BC0-3512-4299-B893-05A179DFE41F}.Release|Any CPU.Build.0 = Release|Any CPU
		{56CA74DB-77EE-43B6-A9E2-1A598C4EF1A4}.Debug|Any CPU.ActiveCfg = Debug|Any CPU
		{56CA74DB-77EE-43B6-A9E2-1A598C4EF1A4}.Debug|Any CPU.Build.0 = Debug|Any CPU
		{56CA74DB-77EE-43B6-A9E2-1A598C4EF1A4}.Release|Any CPU.ActiveCfg = Release|Any CPU
		{56CA74DB-77EE-43B6-A9E2-1A598C4EF1A4}.Release|Any CPU.Build.0 = Release|Any CPU
		{D8A4B511-247C-4C23-B11E-4477D23724DE}.Debug|Any CPU.ActiveCfg = Debug|Any CPU
		{D8A4B511-247C-4C23-B11E-4477D23724DE}.Debug|Any CPU.Build.0 = Debug|Any CPU
		{D8A4B511-247C-4C23-B11E-4477D23724DE}.Release|Any CPU.ActiveCfg = Release|Any CPU
		{D8A4B511-247C-4C23-B11E-4477D23724DE}.Release|Any CPU.Build.0 = Release|Any CPU
		{90EF0235-3299-4082-904E-4DB49DD2E7BA}.Debug|Any CPU.ActiveCfg = Debug|Any CPU
		{90EF0235-3299-4082-904E-4DB49DD2E7BA}.Debug|Any CPU.Build.0 = Debug|Any CPU
		{90EF0235-3299-4082-904E-4DB49DD2E7BA}.Release|Any CPU.ActiveCfg = Release|Any CPU
		{90EF0235-3299-4082-904E-4DB49DD2E7BA}.Release|Any CPU.Build.0 = Release|Any CPU
		{A3875851-7DEF-4914-AC8C-C21FC1962605}.Debug|Any CPU.ActiveCfg = Debug|Any CPU
		{A3875851-7DEF-4914-AC8C-C21FC1962605}.Debug|Any CPU.Build.0 = Debug|Any CPU
		{A3875851-7DEF-4914-AC8C-C21FC1962605}.Release|Any CPU.ActiveCfg = Release|Any CPU
		{A3875851-7DEF-4914-AC8C-C21FC1962605}.Release|Any CPU.Build.0 = Release|Any CPU
		{5023B11E-821E-4485-B8DD-24BBA03C78D8}.Debug|Any CPU.ActiveCfg = Debug|Any CPU
		{5023B11E-821E-4485-B8DD-24BBA03C78D8}.Debug|Any CPU.Build.0 = Debug|Any CPU
		{5023B11E-821E-4485-B8DD-24BBA03C78D8}.Release|Any CPU.ActiveCfg = Release|Any CPU
		{5023B11E-821E-4485-B8DD-24BBA03C78D8}.Release|Any CPU.Build.0 = Release|Any CPU
		{35488142-610D-44FA-80FA-6780F83DFB37}.Debug|Any CPU.ActiveCfg = Debug|Any CPU
		{35488142-610D-44FA-80FA-6780F83DFB37}.Debug|Any CPU.Build.0 = Debug|Any CPU
		{35488142-610D-44FA-80FA-6780F83DFB37}.Release|Any CPU.ActiveCfg = Release|Any CPU
		{35488142-610D-44FA-80FA-6780F83DFB37}.Release|Any CPU.Build.0 = Release|Any CPU
		{3D71C565-1008-498F-8B57-BD8964B5CBBA}.Debug|Any CPU.ActiveCfg = Debug|Any CPU
		{3D71C565-1008-498F-8B57-BD8964B5CBBA}.Debug|Any CPU.Build.0 = Debug|Any CPU
		{3D71C565-1008-498F-8B57-BD8964B5CBBA}.Release|Any CPU.ActiveCfg = Release|Any CPU
		{3D71C565-1008-498F-8B57-BD8964B5CBBA}.Release|Any CPU.Build.0 = Release|Any CPU
		{0E62C463-1C78-43B8-BD8F-A1E25F2843F4}.Debug|Any CPU.ActiveCfg = Debug|Any CPU
		{0E62C463-1C78-43B8-BD8F-A1E25F2843F4}.Debug|Any CPU.Build.0 = Debug|Any CPU
		{0E62C463-1C78-43B8-BD8F-A1E25F2843F4}.Release|Any CPU.ActiveCfg = Release|Any CPU
		{0E62C463-1C78-43B8-BD8F-A1E25F2843F4}.Release|Any CPU.Build.0 = Release|Any CPU
		{6F938A53-4E2B-4DCD-B08B-9DD99F15C9C0}.Debug|Any CPU.ActiveCfg = Debug|Any CPU
		{6F938A53-4E2B-4DCD-B08B-9DD99F15C9C0}.Debug|Any CPU.Build.0 = Debug|Any CPU
		{6F938A53-4E2B-4DCD-B08B-9DD99F15C9C0}.Release|Any CPU.ActiveCfg = Release|Any CPU
		{6F938A53-4E2B-4DCD-B08B-9DD99F15C9C0}.Release|Any CPU.Build.0 = Release|Any CPU
		{4E8D759F-FADC-4E78-B378-95312C71DDFA}.Debug|Any CPU.ActiveCfg = Debug|Any CPU
		{4E8D759F-FADC-4E78-B378-95312C71DDFA}.Debug|Any CPU.Build.0 = Debug|Any CPU
		{4E8D759F-FADC-4E78-B378-95312C71DDFA}.Release|Any CPU.ActiveCfg = Release|Any CPU
		{4E8D759F-FADC-4E78-B378-95312C71DDFA}.Release|Any CPU.Build.0 = Release|Any CPU
		{44DB67C2-86A1-415E-B941-C022A8A7AE49}.Debug|Any CPU.ActiveCfg = Debug|Any CPU
		{44DB67C2-86A1-415E-B941-C022A8A7AE49}.Debug|Any CPU.Build.0 = Debug|Any CPU
		{44DB67C2-86A1-415E-B941-C022A8A7AE49}.Release|Any CPU.ActiveCfg = Release|Any CPU
		{44DB67C2-86A1-415E-B941-C022A8A7AE49}.Release|Any CPU.Build.0 = Release|Any CPU
		{987812DD-5F8D-4EE2-8644-23D5F7A95812}.Debug|Any CPU.ActiveCfg = Debug|Any CPU
		{987812DD-5F8D-4EE2-8644-23D5F7A95812}.Debug|Any CPU.Build.0 = Debug|Any CPU
		{987812DD-5F8D-4EE2-8644-23D5F7A95812}.Release|Any CPU.ActiveCfg = Release|Any CPU
		{987812DD-5F8D-4EE2-8644-23D5F7A95812}.Release|Any CPU.Build.0 = Release|Any CPU
		{671780F1-5797-4DCB-A23F-B5585BF816B5}.Debug|Any CPU.ActiveCfg = Debug|Any CPU
		{671780F1-5797-4DCB-A23F-B5585BF816B5}.Debug|Any CPU.Build.0 = Debug|Any CPU
		{671780F1-5797-4DCB-A23F-B5585BF816B5}.Release|Any CPU.ActiveCfg = Release|Any CPU
		{671780F1-5797-4DCB-A23F-B5585BF816B5}.Release|Any CPU.Build.0 = Release|Any CPU
		{9B150206-EC53-4BC1-B456-57FFF97F2F9C}.Debug|Any CPU.ActiveCfg = Debug|Any CPU
		{9B150206-EC53-4BC1-B456-57FFF97F2F9C}.Debug|Any CPU.Build.0 = Debug|Any CPU
		{9B150206-EC53-4BC1-B456-57FFF97F2F9C}.Release|Any CPU.ActiveCfg = Release|Any CPU
		{9B150206-EC53-4BC1-B456-57FFF97F2F9C}.Release|Any CPU.Build.0 = Release|Any CPU
		{6414429E-6798-439D-AB9C-A0D4B2C99097}.Debug|Any CPU.ActiveCfg = Debug|Any CPU
		{6414429E-6798-439D-AB9C-A0D4B2C99097}.Debug|Any CPU.Build.0 = Debug|Any CPU
		{6414429E-6798-439D-AB9C-A0D4B2C99097}.Release|Any CPU.ActiveCfg = Release|Any CPU
		{6414429E-6798-439D-AB9C-A0D4B2C99097}.Release|Any CPU.Build.0 = Release|Any CPU
		{2A47F493-55F8-442B-A30C-244FB56DFF4F}.Debug|Any CPU.ActiveCfg = Debug|Any CPU
		{2A47F493-55F8-442B-A30C-244FB56DFF4F}.Debug|Any CPU.Build.0 = Debug|Any CPU
		{2A47F493-55F8-442B-A30C-244FB56DFF4F}.Release|Any CPU.ActiveCfg = Release|Any CPU
		{2A47F493-55F8-442B-A30C-244FB56DFF4F}.Release|Any CPU.Build.0 = Release|Any CPU
	EndGlobalSection
	GlobalSection(SolutionProperties) = preSolution
		HideSolutionNode = FALSE
	EndGlobalSection
	GlobalSection(NestedProjects) = preSolution
		{7F056951-0387-421D-BCFA-5E0151C2F72C} = {2B786E06-36D6-441A-B8F6-6167625DD147}
		{5FC6061A-73A8-422F-82F1-31633D4AE660} = {2B786E06-36D6-441A-B8F6-6167625DD147}
		{27EC5391-4231-4768-90BD-508F97397428} = {2B786E06-36D6-441A-B8F6-6167625DD147}
		{EB4DE66B-E09E-47CE-A683-85577C46FE78} = {2B786E06-36D6-441A-B8F6-6167625DD147}
		{DD22A77D-4FAC-4482-BE9B-8D2B1D8E6FA2} = {EB4DE66B-E09E-47CE-A683-85577C46FE78}
		{ACD44152-84C4-461A-B46E-1FD9EC6F0ED0} = {EB4DE66B-E09E-47CE-A683-85577C46FE78}
		{3FEFF826-5F50-448A-9E65-E42AA8653E86} = {2B786E06-36D6-441A-B8F6-6167625DD147}
		{53CBA891-E3AA-42E1-ADE2-4D080CD0D37B} = {5FC6061A-73A8-422F-82F1-31633D4AE660}
		{A8D35BD9-565A-44D8-B64B-0F50B8C329D7} = {5FC6061A-73A8-422F-82F1-31633D4AE660}
		{DF624746-A25D-4D15-B3EC-664DF46AB4CF} = {2B786E06-36D6-441A-B8F6-6167625DD147}
		{5F345933-BAAC-4EF2-8622-A548E245320E} = {2B786E06-36D6-441A-B8F6-6167625DD147}
		{C9BC3EA6-9CE1-411E-B5D4-6E4E33F2D549} = {2B786E06-36D6-441A-B8F6-6167625DD147}
		{B9662E11-EF24-4E61-B740-522BFCD95C8D} = {2B786E06-36D6-441A-B8F6-6167625DD147}
		{AF8A3689-9F59-4585-9929-C6281A8DA1FC} = {2B786E06-36D6-441A-B8F6-6167625DD147}
		{1F4CDAAD-C92A-45EF-87D8-BD470F67B0CC} = {2B786E06-36D6-441A-B8F6-6167625DD147}
		{DFE6C5BB-A3D9-45C3-B2AF-E1F0E06ACF1D} = {7F056951-0387-421D-BCFA-5E0151C2F72C}
		{6F07E11F-3B57-4CB7-ACD7-F7384B84FB98} = {27EC5391-4231-4768-90BD-508F97397428}
		{F49FFC94-04E1-4E6C-9156-3AADE96410AB} = {DF624746-A25D-4D15-B3EC-664DF46AB4CF}
		{CFF9138A-6CC2-458A-AA74-A72C42B2A5D5} = {DF624746-A25D-4D15-B3EC-664DF46AB4CF}
		{10073272-16F8-49E9-9E49-7542C767DE41} = {DF624746-A25D-4D15-B3EC-664DF46AB4CF}
		{2E1E8603-A065-403A-8710-5268218E6F0A} = {1F4CDAAD-C92A-45EF-87D8-BD470F67B0CC}
		{81519A83-E951-45DF-9E26-EE3648BCFBE1} = {C9BC3EA6-9CE1-411E-B5D4-6E4E33F2D549}
		{17FDEA8D-8757-4FCB-B6CD-754EA4E94C4C} = {C9BC3EA6-9CE1-411E-B5D4-6E4E33F2D549}
		{2BF40A21-21BB-44AB-ABAA-858571A9E0B3} = {5FC6061A-73A8-422F-82F1-31633D4AE660}
		{6B0AA620-939C-4A68-8426-9A117A456F4C} = {A8D35BD9-565A-44D8-B64B-0F50B8C329D7}
		{5B21A132-7A3B-4B6C-AF17-991E77936728} = {3FEFF826-5F50-448A-9E65-E42AA8653E86}
		{1A5238A5-D1D0-4910-8BB8-67C7C8B7320E} = {AF8A3689-9F59-4585-9929-C6281A8DA1FC}
		{8956A415-5228-4EDD-AB10-482E134DCE4F} = {AF8A3689-9F59-4585-9929-C6281A8DA1FC}
		{BE8C1943-ACF3-402A-9AC5-24F1A6EC95DC} = {DD22A77D-4FAC-4482-BE9B-8D2B1D8E6FA2}
		{A137CF02-B9EA-4819-8DB5-EE24E98DB135} = {ACD44152-84C4-461A-B46E-1FD9EC6F0ED0}
		{5C0EB238-16ED-4877-B49A-C4C19D1DF399} = {DD22A77D-4FAC-4482-BE9B-8D2B1D8E6FA2}
		{1BB939CC-A8EF-4E0E-A978-34163BA3A144} = {53CBA891-E3AA-42E1-ADE2-4D080CD0D37B}
		{D4D4C889-A956-4C46-B781-30DEA3B56307} = {ACD44152-84C4-461A-B46E-1FD9EC6F0ED0}
		{A1EC8FC6-09F5-4A53-B2CF-728828BA68B3} = {ACD44152-84C4-461A-B46E-1FD9EC6F0ED0}
		{D7B73BC0-3512-4299-B893-05A179DFE41F} = {ACD44152-84C4-461A-B46E-1FD9EC6F0ED0}
		{56CA74DB-77EE-43B6-A9E2-1A598C4EF1A4} = {ACD44152-84C4-461A-B46E-1FD9EC6F0ED0}
		{D8A4B511-247C-4C23-B11E-4477D23724DE} = {ACD44152-84C4-461A-B46E-1FD9EC6F0ED0}
		{90EF0235-3299-4082-904E-4DB49DD2E7BA} = {ACD44152-84C4-461A-B46E-1FD9EC6F0ED0}
		{A3875851-7DEF-4914-AC8C-C21FC1962605} = {DD22A77D-4FAC-4482-BE9B-8D2B1D8E6FA2}
		{5023B11E-821E-4485-B8DD-24BBA03C78D8} = {DD22A77D-4FAC-4482-BE9B-8D2B1D8E6FA2}
		{35488142-610D-44FA-80FA-6780F83DFB37} = {53CBA891-E3AA-42E1-ADE2-4D080CD0D37B}
		{3D71C565-1008-498F-8B57-BD8964B5CBBA} = {5275D0B5-6527-43F0-91F2-93857CFE3E86}
		{0E62C463-1C78-43B8-BD8F-A1E25F2843F4} = {7F056951-0387-421D-BCFA-5E0151C2F72C}
		{6F938A53-4E2B-4DCD-B08B-9DD99F15C9C0} = {5F345933-BAAC-4EF2-8622-A548E245320E}
		{4E8D759F-FADC-4E78-B378-95312C71DDFA} = {53CBA891-E3AA-42E1-ADE2-4D080CD0D37B}
		{44DB67C2-86A1-415E-B941-C022A8A7AE49} = {B9662E11-EF24-4E61-B740-522BFCD95C8D}
		{987812DD-5F8D-4EE2-8644-23D5F7A95812} = {53CBA891-E3AA-42E1-ADE2-4D080CD0D37B}
		{671780F1-5797-4DCB-A23F-B5585BF816B5} = {53CBA891-E3AA-42E1-ADE2-4D080CD0D37B}
		{9B150206-EC53-4BC1-B456-57FFF97F2F9C} = {53CBA891-E3AA-42E1-ADE2-4D080CD0D37B}
		{6414429E-6798-439D-AB9C-A0D4B2C99097} = {1F4CDAAD-C92A-45EF-87D8-BD470F67B0CC}
		{2A47F493-55F8-442B-A30C-244FB56DFF4F} = {DF624746-A25D-4D15-B3EC-664DF46AB4CF}
	EndGlobalSection
	GlobalSection(ExtensibilityGlobals) = postSolution
		SolutionGuid = {DB684E97-574E-4DB9-8369-AE7ACB0F0801}
	EndGlobalSection
EndGlobal
